// !$*UTF8*$!
{
	archiveVersion = 1;
	classes = {
	};
	objectVersion = 46;
	objects = {

/* Begin PBXBuildFile section */
		0207DA581B56EA530066E2B4 /* Images.xcassets in Resources */ = {isa = PBXBuildFile; fileRef = 0207DA571B56EA530066E2B4 /* Images.xcassets */; };
		09E87E9B89D74505858B9BA7 /* GCDWebServerConnection.m in Sources */ = {isa = PBXBuildFile; fileRef = D2FC289D906F4463947D85D2 /* GCDWebServerConnection.m */; };
		0A0E9C60730744038BC44A5D /* GCDWebServerStreamedResponse.m in Sources */ = {isa = PBXBuildFile; fileRef = 5C4FE3AB5C8E4A40B9F64D9B /* GCDWebServerStreamedResponse.m */; };
		0E81D953B24C455894930458 /* CDVWKWebViewUIDelegate.m in Sources */ = {isa = PBXBuildFile; fileRef = 6660612907EE4C3E9F7D8BB3 /* CDVWKWebViewUIDelegate.m */; };
		0F7542E5B0824734B99BE3AA /* CDVWKWebViewEngine.m in Sources */ = {isa = PBXBuildFile; fileRef = 61CDE2651EA7478AA00CBDDC /* CDVWKWebViewEngine.m */; };
		1A5DAAA279E346ACAA1198D2 /* Asset.swift in Sources */ = {isa = PBXBuildFile; fileRef = 1D8D8E2C42284C178ECF51FF /* Asset.swift */; };
		1D3623260D0F684500981E51 /* AppDelegate.m in Sources */ = {isa = PBXBuildFile; fileRef = 1D3623250D0F684500981E51 /* AppDelegate.m */; };
		1D60589B0D05DD56006BFB54 /* main.m in Sources */ = {isa = PBXBuildFile; fileRef = 29B97316FDCFA39411CA2CEA /* main.m */; };
		24D65BBEA82540E7AAB7C19C /* AssetManifest.swift in Sources */ = {isa = PBXBuildFile; fileRef = A121C635318E485BAA30AA60 /* AssetManifest.swift */; };
		26AA8BE7C1054DF8AA8C86AD /* GCDWebServerFunctions.m in Sources */ = {isa = PBXBuildFile; fileRef = F83B0ADBFDC34DBEAC97367C /* GCDWebServerFunctions.m */; };
		2785F237BC14488D9E75FEA3 /* AudioToolbox.framework in Frameworks */ = {isa = PBXBuildFile; fileRef = 5C2F250A998F4F63A6B970B8 /* AudioToolbox.framework */; settings = {ATTRIBUTES = (Weak, ); }; };
		301BF552109A68D80062928A /* libCordova.a in Frameworks */ = {isa = PBXBuildFile; fileRef = 301BF535109A57CC0062928A /* libCordova.a */; };
		302D95F114D2391D003F00A1 /* MainViewController.m in Sources */ = {isa = PBXBuildFile; fileRef = 302D95EF14D2391D003F00A1 /* MainViewController.m */; };
		302D95F214D2391D003F00A1 /* MainViewController.xib in Resources */ = {isa = PBXBuildFile; fileRef = 302D95F014D2391D003F00A1 /* MainViewController.xib */; };
		3047A5121AB8059700498E2A /* build-debug.xcconfig in Resources */ = {isa = PBXBuildFile; fileRef = 3047A50F1AB8059700498E2A /* build-debug.xcconfig */; };
		3047A5131AB8059700498E2A /* build-release.xcconfig in Resources */ = {isa = PBXBuildFile; fileRef = 3047A5101AB8059700498E2A /* build-release.xcconfig */; };
		3047A5141AB8059700498E2A /* build.xcconfig in Resources */ = {isa = PBXBuildFile; fileRef = 3047A5111AB8059700498E2A /* build.xcconfig */; };
		344C76AFBD5D4F279E625D8D /* METNetworkReachabilityManager.m in Sources */ = {isa = PBXBuildFile; fileRef = 3ABECC6FEB5F45B189913201 /* METNetworkReachabilityManager.m */; };
		375150004AFA4EA3A53092DD /* com.google.android.gms:play-services-location:+ in Frameworks */ = {isa = PBXBuildFile; fileRef = 76391B9C3E2740338B18E9B5 /* com.google.android.gms:play-services-location:+ */; };
		37D167422D3A4321A252B648 /* GCDWebServer.m in Sources */ = {isa = PBXBuildFile; fileRef = F4D2BB4D904C4CD9895BDBA0 /* GCDWebServer.m */; };
		391D005F730A49B3AAD1679E /* CDVStatusBar.m in Sources */ = {isa = PBXBuildFile; fileRef = 557E13B2CC6B4A21B17D27A7 /* CDVStatusBar.m */; };
		417797D3FDC047B08799CD77 /* AssetBundleManager.swift in Sources */ = {isa = PBXBuildFile; fileRef = 81046A0CC9624DA39B07776D /* AssetBundleManager.swift */; };
		54043B540E8741139CE1DF93 /* AssetBundle.swift in Sources */ = {isa = PBXBuildFile; fileRef = 50D6B12D22BC4A98BC25C1CE /* AssetBundle.swift */; };
		5666FE1ADAD446598100D186 /* Errors.swift in Sources */ = {isa = PBXBuildFile; fileRef = 116CAC31F3EC4263A0E9C65E /* Errors.swift */; };
		5B4D7E9D4CB24C7EADCC5A90 /* CoreLocation.framework in Frameworks */ = {isa = PBXBuildFile; fileRef = E5E02E81D87E4BB6837743B3 /* CoreLocation.framework */; };
		68412363ED364F9CBA2808A1 /* Utility.swift in Sources */ = {isa = PBXBuildFile; fileRef = BCD76E732C2145FCA5B79117 /* Utility.swift */; };
		7718BBB003F045A9BF5383ED /* AVFoundation.framework in Frameworks */ = {isa = PBXBuildFile; fileRef = 589B03B2EA5F45279893F075 /* AVFoundation.framework */; settings = {ATTRIBUTES = (Weak, ); }; };
		801B116B62084B20B574E508 /* WebKit.framework in Frameworks */ = {isa = PBXBuildFile; fileRef = 56C2ACE339FC4E88A006A30B /* WebKit.framework */; settings = {ATTRIBUTES = (Weak, ); }; };
		85B2F867D8D5404D8E243162 /* GCDWebServerErrorResponse.m in Sources */ = {isa = PBXBuildFile; fileRef = 410B139AB2DE4865985ECEA2 /* GCDWebServerErrorResponse.m */; };
		8799F918A613446B962ED100 /* GCDWebServerRequest.m in Sources */ = {isa = PBXBuildFile; fileRef = B45BDCC8FE9E459C92D87AC4 /* GCDWebServerRequest.m */; };
		8A5F0F350826409B8E58E946 /* GCDWebServerURLEncodedFormRequest.m in Sources */ = {isa = PBXBuildFile; fileRef = 663505FF8B834F8AB257EB4B /* GCDWebServerURLEncodedFormRequest.m */; };
		8A911FCED3BD4480A7356FB4 /* WebAppConfiguration.swift in Sources */ = {isa = PBXBuildFile; fileRef = 89F336FA49BF4FC2B8DE0629 /* WebAppConfiguration.swift */; };
		8D037FFC24BF478C98EBF0E9 /* GCDWebServerDataResponse.m in Sources */ = {isa = PBXBuildFile; fileRef = 37B214093A8A466AA3DC33D7 /* GCDWebServerDataResponse.m */; };
		9B6B84CD32F64F46A7A35555 /* CDVSplashScreen.m in Sources */ = {isa = PBXBuildFile; fileRef = 25B116C611904CFBAABF61E3 /* CDVSplashScreen.m */; };
		A045D02F7456412BA1451AC1 /* CFNetwork.framework in Frameworks */ = {isa = PBXBuildFile; fileRef = F1A70EE47A1F4473AE0EFA33 /* CFNetwork.framework */; };
		B3D819F47839460CB4B4782C /* CDVBackgroundLocationServices.swift in Sources */ = {isa = PBXBuildFile; fileRef = F0A87A71A43B4AC89F63D128 /* CDVBackgroundLocationServices.swift */; };
		B61AA9C35FC74E76A7772474 /* GCDWebServerResponse.m in Sources */ = {isa = PBXBuildFile; fileRef = F08D87CC8228491F838B223A /* GCDWebServerResponse.m */; };
		BA82A3CBC3B04FEFADB199C9 /* METPlugin.m in Sources */ = {isa = PBXBuildFile; fileRef = 2B4A15675281490EBB0C80CC /* METPlugin.m */; };
		C711924EE8FE4E529A7DA65F /* GCDWebServerFileRequest.m in Sources */ = {isa = PBXBuildFile; fileRef = 2F30DD2C13B7464EB9D8EB6E /* GCDWebServerFileRequest.m */; };
		CB1ED4D3FAA4467989D7393A /* METRandomValueGenerator.m in Sources */ = {isa = PBXBuildFile; fileRef = F66B15E555AC4DCAA7313812 /* METRandomValueGenerator.m */; };
		CB533AA8EB634442AD332EAB /* CDVLocation.m in Sources */ = {isa = PBXBuildFile; fileRef = 8C23C8BB51244C479258F89A /* CDVLocation.m */; };
		CD9C6979993A478690BB2B85 /* GCDWebServerFileResponse.m in Sources */ = {isa = PBXBuildFile; fileRef = 581E0E0E82354638BFC777C5 /* GCDWebServerFileResponse.m */; };
		CFD866AE5D8B45FC9B5FBB70 /* CDVViewController+SplashScreen.m in Sources */ = {isa = PBXBuildFile; fileRef = E47D0E650CA24DD381D7E325 /* CDVViewController+SplashScreen.m */; };
		D98D4AC049D54B1EB5CCCB8A /* GCDWebServerMultiPartFormRequest.m in Sources */ = {isa = PBXBuildFile; fileRef = 2933CE8489D44D7FBC7E4D7A /* GCDWebServerMultiPartFormRequest.m */; };
		E418720CDBAD4347AEAF4C98 /* METTimer.m in Sources */ = {isa = PBXBuildFile; fileRef = 80EED7E21F594DCB968CE44B /* METTimer.m */; };
		ECEF22D9F1CD4D9388CAA595 /* WebAppLocalServer.swift in Sources */ = {isa = PBXBuildFile; fileRef = CD22DF5322B841BBA8792D1D /* WebAppLocalServer.swift */; };
		F4E999BA0FBE44DB85E75BA4 /* libz.dylib in Frameworks */ = {isa = PBXBuildFile; fileRef = FD1D2FF261E64AA69DA0FEA7 /* libz.dylib */; };
		F7620A8DFC6E47B29E0F1F4F /* METRetryStrategy.m in Sources */ = {isa = PBXBuildFile; fileRef = 95481F3853A24D29A28175E4 /* METRetryStrategy.m */; };
		F8D0E8F42D2B47C3A7A2BD5A /* AssetBundleDownloader.swift in Sources */ = {isa = PBXBuildFile; fileRef = 78760FF1A3AF4FAC8815BD7B /* AssetBundleDownloader.swift */; };
		FBCDCF865B3D4E8BB9BE44BA /* GCDWebServerDataRequest.m in Sources */ = {isa = PBXBuildFile; fileRef = 89F152FFD2924D67A562BA2C /* GCDWebServerDataRequest.m */; };
/* End PBXBuildFile section */

/* Begin PBXContainerItemProxy section */
		301BF534109A57CC0062928A /* PBXContainerItemProxy */ = {
			isa = PBXContainerItemProxy;
			containerPortal = 301BF52D109A57CC0062928A /* CordovaLib.xcodeproj */;
			proxyType = 2;
			remoteGlobalIDString = D2AAC07E0554694100DB518D;
			remoteInfo = CordovaLib;
		};
		301BF550109A68C00062928A /* PBXContainerItemProxy */ = {
			isa = PBXContainerItemProxy;
			containerPortal = 301BF52D109A57CC0062928A /* CordovaLib.xcodeproj */;
			proxyType = 1;
			remoteGlobalIDString = D2AAC07D0554694100DB518D;
			remoteInfo = CordovaLib;
		};
/* End PBXContainerItemProxy section */

/* Begin PBXFileReference section */
		00A5193190B2475295CD1EFA /* METPlugin.h */ = {isa = PBXFileReference; explicitFileType = undefined; fileEncoding = 4; includeInIndex = 0; lastKnownFileType = sourcecode.c.h; name = METPlugin.h; path = "cordova-plugin-meteor-webapp/METPlugin.h"; sourceTree = "<group>"; };
		0207DA571B56EA530066E2B4 /* Images.xcassets */ = {isa = PBXFileReference; lastKnownFileType = folder.assetcatalog; name = Images.xcassets; path = trailWorx2/Images.xcassets; sourceTree = SOURCE_ROOT; };
		116CAC31F3EC4263A0E9C65E /* Errors.swift */ = {isa = PBXFileReference; explicitFileType = undefined; fileEncoding = 4; includeInIndex = 0; lastKnownFileType = sourcecode.swift; name = Errors.swift; path = "cordova-plugin-meteor-webapp/Errors.swift"; sourceTree = "<group>"; };
		127E61889E0646078123E11C /* cordova-plugin-meteor-webapp-Bridging-Header.h */ = {isa = PBXFileReference; explicitFileType = undefined; fileEncoding = 4; includeInIndex = 0; lastKnownFileType = sourcecode.c.h; name = "cordova-plugin-meteor-webapp-Bridging-Header.h"; path = "cordova-plugin-meteor-webapp/cordova-plugin-meteor-webapp-Bridging-Header.h"; sourceTree = "<group>"; };
		1467504C5D7A4777BF1976B3 /* CDVWKWebViewUIDelegate.h */ = {isa = PBXFileReference; explicitFileType = undefined; fileEncoding = 4; includeInIndex = 0; lastKnownFileType = sourcecode.c.h; name = CDVWKWebViewUIDelegate.h; path = "cordova-plugin-wkwebview-engine/CDVWKWebViewUIDelegate.h"; sourceTree = "<group>"; };
		1495694AE4B1459DAB80EE15 /* CDVWKWebViewEngine.h */ = {isa = PBXFileReference; explicitFileType = undefined; fileEncoding = 4; includeInIndex = 0; lastKnownFileType = sourcecode.c.h; name = CDVWKWebViewEngine.h; path = "cordova-plugin-wkwebview-engine/CDVWKWebViewEngine.h"; sourceTree = "<group>"; };
		182F4861037F4E6EB557CC5B /* GCDWebServerStreamedResponse.h */ = {isa = PBXFileReference; explicitFileType = undefined; fileEncoding = 4; includeInIndex = 0; lastKnownFileType = sourcecode.c.h; name = GCDWebServerStreamedResponse.h; path = "cordova-plugin-meteor-webapp/GCDWebServerStreamedResponse.h"; sourceTree = "<group>"; };
		1C1C75997F4F4538BAB46320 /* METTimer.h */ = {isa = PBXFileReference; explicitFileType = undefined; fileEncoding = 4; includeInIndex = 0; lastKnownFileType = sourcecode.c.h; name = METTimer.h; path = "cordova-plugin-meteor-webapp/METTimer.h"; sourceTree = "<group>"; };
		1D3623240D0F684500981E51 /* AppDelegate.h */ = {isa = PBXFileReference; fileEncoding = 4; lastKnownFileType = sourcecode.c.h; path = AppDelegate.h; sourceTree = "<group>"; };
		1D3623250D0F684500981E51 /* AppDelegate.m */ = {isa = PBXFileReference; fileEncoding = 4; lastKnownFileType = sourcecode.c.objc; path = AppDelegate.m; sourceTree = "<group>"; };
		1D6058910D05DD3D006BFB54 /* trailWorx2.app */ = {isa = PBXFileReference; explicitFileType = wrapper.application; includeInIndex = 0; path = trailWorx2.app; sourceTree = BUILT_PRODUCTS_DIR; };
		1D8D8E2C42284C178ECF51FF /* Asset.swift */ = {isa = PBXFileReference; explicitFileType = undefined; fileEncoding = 4; includeInIndex = 0; lastKnownFileType = sourcecode.swift; name = Asset.swift; path = "cordova-plugin-meteor-webapp/Asset.swift"; sourceTree = "<group>"; };
		251B8582350E44A08D0B594D /* METRetryStrategy.h */ = {isa = PBXFileReference; explicitFileType = undefined; fileEncoding = 4; includeInIndex = 0; lastKnownFileType = sourcecode.c.h; name = METRetryStrategy.h; path = "cordova-plugin-meteor-webapp/METRetryStrategy.h"; sourceTree = "<group>"; };
		25B116C611904CFBAABF61E3 /* CDVSplashScreen.m */ = {isa = PBXFileReference; explicitFileType = undefined; fileEncoding = 4; includeInIndex = 0; lastKnownFileType = sourcecode.c.objc; name = CDVSplashScreen.m; path = "cordova-plugin-splashscreen/CDVSplashScreen.m"; sourceTree = "<group>"; };
		29206676FADA46DFA5F81C34 /* Loc-Bridging-Header.h */ = {isa = PBXFileReference; explicitFileType = undefined; fileEncoding = 4; includeInIndex = 0; lastKnownFileType = sourcecode.c.h; name = "Loc-Bridging-Header.h"; path = "org.flybuy.cordova.background-location-services/Loc-Bridging-Header.h"; sourceTree = "<group>"; };
		2933CE8489D44D7FBC7E4D7A /* GCDWebServerMultiPartFormRequest.m */ = {isa = PBXFileReference; explicitFileType = undefined; fileEncoding = 4; includeInIndex = 0; lastKnownFileType = sourcecode.c.objc; name = GCDWebServerMultiPartFormRequest.m; path = "cordova-plugin-meteor-webapp/GCDWebServerMultiPartFormRequest.m"; sourceTree = "<group>"; };
		29B97316FDCFA39411CA2CEA /* main.m */ = {isa = PBXFileReference; fileEncoding = 4; lastKnownFileType = sourcecode.c.objc; path = main.m; sourceTree = "<group>"; };
		2B4A15675281490EBB0C80CC /* METPlugin.m */ = {isa = PBXFileReference; explicitFileType = undefined; fileEncoding = 4; includeInIndex = 0; lastKnownFileType = sourcecode.c.objc; name = METPlugin.m; path = "cordova-plugin-meteor-webapp/METPlugin.m"; sourceTree = "<group>"; };
		2C20A40A6C194CA09F7E1967 /* GCDWebServerConnection.h */ = {isa = PBXFileReference; explicitFileType = undefined; fileEncoding = 4; includeInIndex = 0; lastKnownFileType = sourcecode.c.h; name = GCDWebServerConnection.h; path = "cordova-plugin-meteor-webapp/GCDWebServerConnection.h"; sourceTree = "<group>"; };
		2F30DD2C13B7464EB9D8EB6E /* GCDWebServerFileRequest.m */ = {isa = PBXFileReference; explicitFileType = undefined; fileEncoding = 4; includeInIndex = 0; lastKnownFileType = sourcecode.c.objc; name = GCDWebServerFileRequest.m; path = "cordova-plugin-meteor-webapp/GCDWebServerFileRequest.m"; sourceTree = "<group>"; };
		301BF52D109A57CC0062928A /* CordovaLib.xcodeproj */ = {isa = PBXFileReference; lastKnownFileType = "wrapper.pb-project"; name = CordovaLib.xcodeproj; path = CordovaLib/CordovaLib.xcodeproj; sourceTree = "<group>"; };
		301BF56E109A69640062928A /* www */ = {isa = PBXFileReference; lastKnownFileType = folder; path = www; sourceTree = SOURCE_ROOT; };
		302D95EE14D2391D003F00A1 /* MainViewController.h */ = {isa = PBXFileReference; fileEncoding = 4; lastKnownFileType = sourcecode.c.h; path = MainViewController.h; sourceTree = "<group>"; };
		302D95EF14D2391D003F00A1 /* MainViewController.m */ = {isa = PBXFileReference; fileEncoding = 4; lastKnownFileType = sourcecode.c.objc; path = MainViewController.m; sourceTree = "<group>"; };
		302D95F014D2391D003F00A1 /* MainViewController.xib */ = {isa = PBXFileReference; fileEncoding = 4; lastKnownFileType = file.xib; path = MainViewController.xib; sourceTree = "<group>"; };
		3047A50F1AB8059700498E2A /* build-debug.xcconfig */ = {isa = PBXFileReference; fileEncoding = 4; lastKnownFileType = text.xcconfig; name = "build-debug.xcconfig"; path = "cordova/build-debug.xcconfig"; sourceTree = SOURCE_ROOT; };
		3047A5101AB8059700498E2A /* build-release.xcconfig */ = {isa = PBXFileReference; fileEncoding = 4; lastKnownFileType = text.xcconfig; name = "build-release.xcconfig"; path = "cordova/build-release.xcconfig"; sourceTree = SOURCE_ROOT; };
		3047A5111AB8059700498E2A /* build.xcconfig */ = {isa = PBXFileReference; fileEncoding = 4; lastKnownFileType = text.xcconfig; name = build.xcconfig; path = cordova/build.xcconfig; sourceTree = SOURCE_ROOT; };
		32CA4F630368D1EE00C91783 /* trailWorx2-Prefix.pch */ = {isa = PBXFileReference; fileEncoding = 4; lastKnownFileType = sourcecode.c.h; path = "trailWorx2-Prefix.pch"; sourceTree = "<group>"; };
		353382EA3A234F7EA4C83337 /* GCDWebServerDataRequest.h */ = {isa = PBXFileReference; explicitFileType = undefined; fileEncoding = 4; includeInIndex = 0; lastKnownFileType = sourcecode.c.h; name = GCDWebServerDataRequest.h; path = "cordova-plugin-meteor-webapp/GCDWebServerDataRequest.h"; sourceTree = "<group>"; };
		37B214093A8A466AA3DC33D7 /* GCDWebServerDataResponse.m */ = {isa = PBXFileReference; explicitFileType = undefined; fileEncoding = 4; includeInIndex = 0; lastKnownFileType = sourcecode.c.objc; name = GCDWebServerDataResponse.m; path = "cordova-plugin-meteor-webapp/GCDWebServerDataResponse.m"; sourceTree = "<group>"; };
		3ABECC6FEB5F45B189913201 /* METNetworkReachabilityManager.m */ = {isa = PBXFileReference; explicitFileType = undefined; fileEncoding = 4; includeInIndex = 0; lastKnownFileType = sourcecode.c.objc; name = METNetworkReachabilityManager.m; path = "cordova-plugin-meteor-webapp/METNetworkReachabilityManager.m"; sourceTree = "<group>"; };
		410B139AB2DE4865985ECEA2 /* GCDWebServerErrorResponse.m */ = {isa = PBXFileReference; explicitFileType = undefined; fileEncoding = 4; includeInIndex = 0; lastKnownFileType = sourcecode.c.objc; name = GCDWebServerErrorResponse.m; path = "cordova-plugin-meteor-webapp/GCDWebServerErrorResponse.m"; sourceTree = "<group>"; };
		4223C30A8A7D4385B555808D /* GCDWebServerDataResponse.h */ = {isa = PBXFileReference; explicitFileType = undefined; fileEncoding = 4; includeInIndex = 0; lastKnownFileType = sourcecode.c.h; name = GCDWebServerDataResponse.h; path = "cordova-plugin-meteor-webapp/GCDWebServerDataResponse.h"; sourceTree = "<group>"; };
		4FCB7E3D19384F0E990A5E8B /* GCDWebServerPrivate.h */ = {isa = PBXFileReference; explicitFileType = undefined; fileEncoding = 4; includeInIndex = 0; lastKnownFileType = sourcecode.c.h; name = GCDWebServerPrivate.h; path = "cordova-plugin-meteor-webapp/GCDWebServerPrivate.h"; sourceTree = "<group>"; };
		50D6B12D22BC4A98BC25C1CE /* AssetBundle.swift */ = {isa = PBXFileReference; explicitFileType = undefined; fileEncoding = 4; includeInIndex = 0; lastKnownFileType = sourcecode.swift; name = AssetBundle.swift; path = "cordova-plugin-meteor-webapp/AssetBundle.swift"; sourceTree = "<group>"; };
		557E13B2CC6B4A21B17D27A7 /* CDVStatusBar.m */ = {isa = PBXFileReference; explicitFileType = undefined; fileEncoding = 4; includeInIndex = 0; lastKnownFileType = sourcecode.c.objc; name = CDVStatusBar.m; path = "cordova-plugin-statusbar/CDVStatusBar.m"; sourceTree = "<group>"; };
		56C2ACE339FC4E88A006A30B /* WebKit.framework */ = {isa = PBXFileReference; explicitFileType = undefined; fileEncoding = 9; includeInIndex = 0; lastKnownFileType = wrapper.framework; name = WebKit.framework; path = System/Library/Frameworks/WebKit.framework; sourceTree = SDKROOT; };
		581E0E0E82354638BFC777C5 /* GCDWebServerFileResponse.m */ = {isa = PBXFileReference; explicitFileType = undefined; fileEncoding = 4; includeInIndex = 0; lastKnownFileType = sourcecode.c.objc; name = GCDWebServerFileResponse.m; path = "cordova-plugin-meteor-webapp/GCDWebServerFileResponse.m"; sourceTree = "<group>"; };
		589B03B2EA5F45279893F075 /* AVFoundation.framework */ = {isa = PBXFileReference; explicitFileType = undefined; fileEncoding = 9; includeInIndex = 0; lastKnownFileType = wrapper.framework; name = AVFoundation.framework; path = System/Library/Frameworks/AVFoundation.framework; sourceTree = SDKROOT; };
		5B7810BBA3FE4CCDA4063560 /* GCDWebServerURLEncodedFormRequest.h */ = {isa = PBXFileReference; explicitFileType = undefined; fileEncoding = 4; includeInIndex = 0; lastKnownFileType = sourcecode.c.h; name = GCDWebServerURLEncodedFormRequest.h; path = "cordova-plugin-meteor-webapp/GCDWebServerURLEncodedFormRequest.h"; sourceTree = "<group>"; };
		5C2F250A998F4F63A6B970B8 /* AudioToolbox.framework */ = {isa = PBXFileReference; explicitFileType = undefined; fileEncoding = 9; includeInIndex = 0; lastKnownFileType = wrapper.framework; name = AudioToolbox.framework; path = System/Library/Frameworks/AudioToolbox.framework; sourceTree = SDKROOT; };
		5C4FE3AB5C8E4A40B9F64D9B /* GCDWebServerStreamedResponse.m */ = {isa = PBXFileReference; explicitFileType = undefined; fileEncoding = 4; includeInIndex = 0; lastKnownFileType = sourcecode.c.objc; name = GCDWebServerStreamedResponse.m; path = "cordova-plugin-meteor-webapp/GCDWebServerStreamedResponse.m"; sourceTree = "<group>"; };
		5EC12F4CFDDB4D3BA5D51BE8 /* GCDWebServerHTTPStatusCodes.h */ = {isa = PBXFileReference; explicitFileType = undefined; fileEncoding = 4; includeInIndex = 0; lastKnownFileType = sourcecode.c.h; name = GCDWebServerHTTPStatusCodes.h; path = "cordova-plugin-meteor-webapp/GCDWebServerHTTPStatusCodes.h"; sourceTree = "<group>"; };
		61CDE2651EA7478AA00CBDDC /* CDVWKWebViewEngine.m */ = {isa = PBXFileReference; explicitFileType = undefined; fileEncoding = 4; includeInIndex = 0; lastKnownFileType = sourcecode.c.objc; name = CDVWKWebViewEngine.m; path = "cordova-plugin-wkwebview-engine/CDVWKWebViewEngine.m"; sourceTree = "<group>"; };
		663505FF8B834F8AB257EB4B /* GCDWebServerURLEncodedFormRequest.m */ = {isa = PBXFileReference; explicitFileType = undefined; fileEncoding = 4; includeInIndex = 0; lastKnownFileType = sourcecode.c.objc; name = GCDWebServerURLEncodedFormRequest.m; path = "cordova-plugin-meteor-webapp/GCDWebServerURLEncodedFormRequest.m"; sourceTree = "<group>"; };
		6660612907EE4C3E9F7D8BB3 /* CDVWKWebViewUIDelegate.m */ = {isa = PBXFileReference; explicitFileType = undefined; fileEncoding = 4; includeInIndex = 0; lastKnownFileType = sourcecode.c.objc; name = CDVWKWebViewUIDelegate.m; path = "cordova-plugin-wkwebview-engine/CDVWKWebViewUIDelegate.m"; sourceTree = "<group>"; };
		68CBD5FAB5B641519C74B546 /* GCDWebServerFileResponse.h */ = {isa = PBXFileReference; explicitFileType = undefined; fileEncoding = 4; includeInIndex = 0; lastKnownFileType = sourcecode.c.h; name = GCDWebServerFileResponse.h; path = "cordova-plugin-meteor-webapp/GCDWebServerFileResponse.h"; sourceTree = "<group>"; };
		6CCEB00736E142E5A30B5489 /* GCDWebServer.h */ = {isa = PBXFileReference; explicitFileType = undefined; fileEncoding = 4; includeInIndex = 0; lastKnownFileType = sourcecode.c.h; name = GCDWebServer.h; path = "cordova-plugin-meteor-webapp/GCDWebServer.h"; sourceTree = "<group>"; };
		708B0029A48C4BEF8FF127C6 /* GCDWebServerErrorResponse.h */ = {isa = PBXFileReference; explicitFileType = undefined; fileEncoding = 4; includeInIndex = 0; lastKnownFileType = sourcecode.c.h; name = GCDWebServerErrorResponse.h; path = "cordova-plugin-meteor-webapp/GCDWebServerErrorResponse.h"; sourceTree = "<group>"; };
		726962EC9E21496B8EB855DD /* CDVStatusBar.h */ = {isa = PBXFileReference; explicitFileType = undefined; fileEncoding = 4; includeInIndex = 0; lastKnownFileType = sourcecode.c.h; name = CDVStatusBar.h; path = "cordova-plugin-statusbar/CDVStatusBar.h"; sourceTree = "<group>"; };
		75451A690085445CB3A415F8 /* GCDWebServerFileRequest.h */ = {isa = PBXFileReference; explicitFileType = undefined; fileEncoding = 4; includeInIndex = 0; lastKnownFileType = sourcecode.c.h; name = GCDWebServerFileRequest.h; path = "cordova-plugin-meteor-webapp/GCDWebServerFileRequest.h"; sourceTree = "<group>"; };
		76391B9C3E2740338B18E9B5 /* com.google.android.gms:play-services-location:+ */ = {isa = PBXFileReference; explicitFileType = undefined; fileEncoding = 9; includeInIndex = 0; lastKnownFileType = unknown; path = "com.google.android.gms:play-services-location:+"; sourceTree = "<group>"; };
		78760FF1A3AF4FAC8815BD7B /* AssetBundleDownloader.swift */ = {isa = PBXFileReference; explicitFileType = undefined; fileEncoding = 4; includeInIndex = 0; lastKnownFileType = sourcecode.swift; name = AssetBundleDownloader.swift; path = "cordova-plugin-meteor-webapp/AssetBundleDownloader.swift"; sourceTree = "<group>"; };
		79C1C5E417FE4A62928C0A67 /* GCDWebServerMultiPartFormRequest.h */ = {isa = PBXFileReference; explicitFileType = undefined; fileEncoding = 4; includeInIndex = 0; lastKnownFileType = sourcecode.c.h; name = GCDWebServerMultiPartFormRequest.h; path = "cordova-plugin-meteor-webapp/GCDWebServerMultiPartFormRequest.h"; sourceTree = "<group>"; };
		80EED7E21F594DCB968CE44B /* METTimer.m */ = {isa = PBXFileReference; explicitFileType = undefined; fileEncoding = 4; includeInIndex = 0; lastKnownFileType = sourcecode.c.objc; name = METTimer.m; path = "cordova-plugin-meteor-webapp/METTimer.m"; sourceTree = "<group>"; };
		81046A0CC9624DA39B07776D /* AssetBundleManager.swift */ = {isa = PBXFileReference; explicitFileType = undefined; fileEncoding = 4; includeInIndex = 0; lastKnownFileType = sourcecode.swift; name = AssetBundleManager.swift; path = "cordova-plugin-meteor-webapp/AssetBundleManager.swift"; sourceTree = "<group>"; };
		838D8C32F1BC44B5B6CA04DE /* METNetworkReachabilityManager.h */ = {isa = PBXFileReference; explicitFileType = undefined; fileEncoding = 4; includeInIndex = 0; lastKnownFileType = sourcecode.c.h; name = METNetworkReachabilityManager.h; path = "cordova-plugin-meteor-webapp/METNetworkReachabilityManager.h"; sourceTree = "<group>"; };
		89F152FFD2924D67A562BA2C /* GCDWebServerDataRequest.m */ = {isa = PBXFileReference; explicitFileType = undefined; fileEncoding = 4; includeInIndex = 0; lastKnownFileType = sourcecode.c.objc; name = GCDWebServerDataRequest.m; path = "cordova-plugin-meteor-webapp/GCDWebServerDataRequest.m"; sourceTree = "<group>"; };
		89F336FA49BF4FC2B8DE0629 /* WebAppConfiguration.swift */ = {isa = PBXFileReference; explicitFileType = undefined; fileEncoding = 4; includeInIndex = 0; lastKnownFileType = sourcecode.swift; name = WebAppConfiguration.swift; path = "cordova-plugin-meteor-webapp/WebAppConfiguration.swift"; sourceTree = "<group>"; };
		8C23C8BB51244C479258F89A /* CDVLocation.m */ = {isa = PBXFileReference; explicitFileType = undefined; fileEncoding = 4; includeInIndex = 0; lastKnownFileType = sourcecode.c.objc; name = CDVLocation.m; path = "cordova-plugin-geolocation/CDVLocation.m"; sourceTree = "<group>"; };
		8D1107310486CEB800E47090 /* trailWorx2-Info.plist */ = {isa = PBXFileReference; fileEncoding = 4; lastKnownFileType = text.plist.xml; name = "trailWorx2-Info.plist"; path = "trailWorx2/trailWorx2-Info.plist"; plistStructureDefinitionIdentifier = "com.apple.xcode.plist.structure-definition.iphone.info-plist"; sourceTree = SOURCE_ROOT; };
		927EA24DE489404CB1C39192 /* CDVSplashScreen.h */ = {isa = PBXFileReference; explicitFileType = undefined; fileEncoding = 4; includeInIndex = 0; lastKnownFileType = sourcecode.c.h; name = CDVSplashScreen.h; path = "cordova-plugin-splashscreen/CDVSplashScreen.h"; sourceTree = "<group>"; };
		95481F3853A24D29A28175E4 /* METRetryStrategy.m */ = {isa = PBXFileReference; explicitFileType = undefined; fileEncoding = 4; includeInIndex = 0; lastKnownFileType = sourcecode.c.objc; name = METRetryStrategy.m; path = "cordova-plugin-meteor-webapp/METRetryStrategy.m"; sourceTree = "<group>"; };
		995D911689EA4F008F719976 /* GCDWebServerResponse.h */ = {isa = PBXFileReference; explicitFileType = undefined; fileEncoding = 4; includeInIndex = 0; lastKnownFileType = sourcecode.c.h; name = GCDWebServerResponse.h; path = "cordova-plugin-meteor-webapp/GCDWebServerResponse.h"; sourceTree = "<group>"; };
		A121C635318E485BAA30AA60 /* AssetManifest.swift */ = {isa = PBXFileReference; explicitFileType = undefined; fileEncoding = 4; includeInIndex = 0; lastKnownFileType = sourcecode.swift; name = AssetManifest.swift; path = "cordova-plugin-meteor-webapp/AssetManifest.swift"; sourceTree = "<group>"; };
		B45BDCC8FE9E459C92D87AC4 /* GCDWebServerRequest.m */ = {isa = PBXFileReference; explicitFileType = undefined; fileEncoding = 4; includeInIndex = 0; lastKnownFileType = sourcecode.c.objc; name = GCDWebServerRequest.m; path = "cordova-plugin-meteor-webapp/GCDWebServerRequest.m"; sourceTree = "<group>"; };
		B6FEBB8FA2EE4F7892027C6F /* CDVLocation.h */ = {isa = PBXFileReference; explicitFileType = undefined; fileEncoding = 4; includeInIndex = 0; lastKnownFileType = sourcecode.c.h; name = CDVLocation.h; path = "cordova-plugin-geolocation/CDVLocation.h"; sourceTree = "<group>"; };
		BAB330B0251143B094DD7DD6 /* CDVViewController+SplashScreen.h */ = {isa = PBXFileReference; explicitFileType = undefined; fileEncoding = 4; includeInIndex = 0; lastKnownFileType = sourcecode.c.h; name = "CDVViewController+SplashScreen.h"; path = "cordova-plugin-splashscreen/CDVViewController+SplashScreen.h"; sourceTree = "<group>"; };
		BCD76E732C2145FCA5B79117 /* Utility.swift */ = {isa = PBXFileReference; explicitFileType = undefined; fileEncoding = 4; includeInIndex = 0; lastKnownFileType = sourcecode.swift; name = Utility.swift; path = "cordova-plugin-meteor-webapp/Utility.swift"; sourceTree = "<group>"; };
		C17BD39C8C6C45D6ABFDF823 /* GCDWebServerRequest.h */ = {isa = PBXFileReference; explicitFileType = undefined; fileEncoding = 4; includeInIndex = 0; lastKnownFileType = sourcecode.c.h; name = GCDWebServerRequest.h; path = "cordova-plugin-meteor-webapp/GCDWebServerRequest.h"; sourceTree = "<group>"; };
		CD22DF5322B841BBA8792D1D /* WebAppLocalServer.swift */ = {isa = PBXFileReference; explicitFileType = undefined; fileEncoding = 4; includeInIndex = 0; lastKnownFileType = sourcecode.swift; name = WebAppLocalServer.swift; path = "cordova-plugin-meteor-webapp/WebAppLocalServer.swift"; sourceTree = "<group>"; };
		D048BDC703B74D75AF0FC2DB /* GCDWebServerFunctions.h */ = {isa = PBXFileReference; explicitFileType = undefined; fileEncoding = 4; includeInIndex = 0; lastKnownFileType = sourcecode.c.h; name = GCDWebServerFunctions.h; path = "cordova-plugin-meteor-webapp/GCDWebServerFunctions.h"; sourceTree = "<group>"; };
		D2FC289D906F4463947D85D2 /* GCDWebServerConnection.m */ = {isa = PBXFileReference; explicitFileType = undefined; fileEncoding = 4; includeInIndex = 0; lastKnownFileType = sourcecode.c.objc; name = GCDWebServerConnection.m; path = "cordova-plugin-meteor-webapp/GCDWebServerConnection.m"; sourceTree = "<group>"; };
		E47D0E650CA24DD381D7E325 /* CDVViewController+SplashScreen.m */ = {isa = PBXFileReference; explicitFileType = undefined; fileEncoding = 4; includeInIndex = 0; lastKnownFileType = sourcecode.c.objc; name = "CDVViewController+SplashScreen.m"; path = "cordova-plugin-splashscreen/CDVViewController+SplashScreen.m"; sourceTree = "<group>"; };
		E5E02E81D87E4BB6837743B3 /* CoreLocation.framework */ = {isa = PBXFileReference; explicitFileType = undefined; fileEncoding = 9; includeInIndex = 0; lastKnownFileType = wrapper.framework; name = CoreLocation.framework; path = System/Library/Frameworks/CoreLocation.framework; sourceTree = SDKROOT; };
		EB87FDF31871DA8E0020F90C /* www */ = {isa = PBXFileReference; lastKnownFileType = folder; name = www; path = ../../www; sourceTree = "<group>"; };
		EB87FDF41871DAF40020F90C /* config.xml */ = {isa = PBXFileReference; lastKnownFileType = text.xml; name = config.xml; path = ../../config.xml; sourceTree = "<group>"; };
		ED33DF2A687741AEAF9F8254 /* Bridging-Header.h */ = {isa = PBXFileReference; fileEncoding = 4; lastKnownFileType = sourcecode.c.h; path = "Bridging-Header.h"; sourceTree = "<group>"; };
		F0728CAF65A04022823F62C5 /* METRandomValueGenerator.h */ = {isa = PBXFileReference; explicitFileType = undefined; fileEncoding = 4; includeInIndex = 0; lastKnownFileType = sourcecode.c.h; name = METRandomValueGenerator.h; path = "cordova-plugin-meteor-webapp/METRandomValueGenerator.h"; sourceTree = "<group>"; };
		F08D87CC8228491F838B223A /* GCDWebServerResponse.m */ = {isa = PBXFileReference; explicitFileType = undefined; fileEncoding = 4; includeInIndex = 0; lastKnownFileType = sourcecode.c.objc; name = GCDWebServerResponse.m; path = "cordova-plugin-meteor-webapp/GCDWebServerResponse.m"; sourceTree = "<group>"; };
		F0A87A71A43B4AC89F63D128 /* CDVBackgroundLocationServices.swift */ = {isa = PBXFileReference; explicitFileType = undefined; fileEncoding = 4; includeInIndex = 0; lastKnownFileType = sourcecode.swift; name = CDVBackgroundLocationServices.swift; path = "org.flybuy.cordova.background-location-services/CDVBackgroundLocationServices.swift"; sourceTree = "<group>"; };
		F1A70EE47A1F4473AE0EFA33 /* CFNetwork.framework */ = {isa = PBXFileReference; explicitFileType = undefined; fileEncoding = 9; includeInIndex = 0; lastKnownFileType = wrapper.framework; name = CFNetwork.framework; path = System/Library/Frameworks/CFNetwork.framework; sourceTree = SDKROOT; };
		F4D2BB4D904C4CD9895BDBA0 /* GCDWebServer.m */ = {isa = PBXFileReference; explicitFileType = undefined; fileEncoding = 4; includeInIndex = 0; lastKnownFileType = sourcecode.c.objc; name = GCDWebServer.m; path = "cordova-plugin-meteor-webapp/GCDWebServer.m"; sourceTree = "<group>"; };
		F66B15E555AC4DCAA7313812 /* METRandomValueGenerator.m */ = {isa = PBXFileReference; explicitFileType = undefined; fileEncoding = 4; includeInIndex = 0; lastKnownFileType = sourcecode.c.objc; name = METRandomValueGenerator.m; path = "cordova-plugin-meteor-webapp/METRandomValueGenerator.m"; sourceTree = "<group>"; };
		F83B0ADBFDC34DBEAC97367C /* GCDWebServerFunctions.m */ = {isa = PBXFileReference; explicitFileType = undefined; fileEncoding = 4; includeInIndex = 0; lastKnownFileType = sourcecode.c.objc; name = GCDWebServerFunctions.m; path = "cordova-plugin-meteor-webapp/GCDWebServerFunctions.m"; sourceTree = "<group>"; };
		F840E1F0165FE0F500CFE078 /* config.xml */ = {isa = PBXFileReference; lastKnownFileType = text.xml; name = config.xml; path = trailWorx2/config.xml; sourceTree = "<group>"; };
		FD1D2FF261E64AA69DA0FEA7 /* libz.dylib */ = {isa = PBXFileReference; explicitFileType = undefined; fileEncoding = 9; includeInIndex = 0; lastKnownFileType = "compiled.mach-o.dylib"; name = libz.dylib; path = usr/lib/libz.dylib; sourceTree = SDKROOT; };
/* End PBXFileReference section */

/* Begin PBXFrameworksBuildPhase section */
		1D60588F0D05DD3D006BFB54 /* Frameworks */ = {
			isa = PBXFrameworksBuildPhase;
			buildActionMask = 2147483647;
			files = (
				301BF552109A68D80062928A /* libCordova.a in Frameworks */,
				5B4D7E9D4CB24C7EADCC5A90 /* CoreLocation.framework in Frameworks */,
				375150004AFA4EA3A53092DD /* com.google.android.gms:play-services-location:+ in Frameworks */,
				2785F237BC14488D9E75FEA3 /* AudioToolbox.framework in Frameworks */,
				7718BBB003F045A9BF5383ED /* AVFoundation.framework in Frameworks */,
				801B116B62084B20B574E508 /* WebKit.framework in Frameworks */,
				A045D02F7456412BA1451AC1 /* CFNetwork.framework in Frameworks */,
				F4E999BA0FBE44DB85E75BA4 /* libz.dylib in Frameworks */,
			);
			runOnlyForDeploymentPostprocessing = 0;
		};
/* End PBXFrameworksBuildPhase section */

/* Begin PBXGroup section */
		080E96DDFE201D6D7F000001 /* Classes */ = {
			isa = PBXGroup;
			children = (
				302D95EE14D2391D003F00A1 /* MainViewController.h */,
				302D95EF14D2391D003F00A1 /* MainViewController.m */,
				302D95F014D2391D003F00A1 /* MainViewController.xib */,
				1D3623240D0F684500981E51 /* AppDelegate.h */,
				1D3623250D0F684500981E51 /* AppDelegate.m */,
			);
			name = Classes;
			path = trailWorx2/Classes;
			sourceTree = SOURCE_ROOT;
		};
		19C28FACFE9D520D11CA2CBB /* Products */ = {
			isa = PBXGroup;
			children = (
				1D6058910D05DD3D006BFB54 /* trailWorx2.app */,
			);
			name = Products;
			sourceTree = "<group>";
		};
		29B97314FDCFA39411CA2CEA /* CustomTemplate */ = {
			isa = PBXGroup;
			children = (
				EB87FDF41871DAF40020F90C /* config.xml */,
				EB87FDF31871DA8E0020F90C /* www */,
				EB87FDF11871DA420020F90C /* Staging */,
				301BF52D109A57CC0062928A /* CordovaLib.xcodeproj */,
				080E96DDFE201D6D7F000001 /* Classes */,
				307C750510C5A3420062BCA9 /* Plugins */,
				29B97315FDCFA39411CA2CEA /* Other Sources */,
				29B97317FDCFA39411CA2CEA /* Resources */,
				29B97323FDCFA39411CA2CEA /* Frameworks */,
				19C28FACFE9D520D11CA2CBB /* Products */,
			);
			name = CustomTemplate;
			sourceTree = "<group>";
		};
		29B97315FDCFA39411CA2CEA /* Other Sources */ = {
			isa = PBXGroup;
			children = (
				32CA4F630368D1EE00C91783 /* trailWorx2-Prefix.pch */,
				29B97316FDCFA39411CA2CEA /* main.m */,
				ED33DF2A687741AEAF9F8254 /* Bridging-Header.h */,
			);
			name = "Other Sources";
			path = trailWorx2;
			sourceTree = "<group>";
		};
		29B97317FDCFA39411CA2CEA /* Resources */ = {
			isa = PBXGroup;
			children = (
				0207DA571B56EA530066E2B4 /* Images.xcassets */,
				3047A50E1AB8057F00498E2A /* config */,
				8D1107310486CEB800E47090 /* trailWorx2-Info.plist */,
			);
			name = Resources;
			path = trailWorx2/Resources;
			sourceTree = "<group>";
		};
		29B97323FDCFA39411CA2CEA /* Frameworks */ = {
			isa = PBXGroup;
			children = (
				E5E02E81D87E4BB6837743B3 /* CoreLocation.framework */,
				76391B9C3E2740338B18E9B5 /* com.google.android.gms:play-services-location:+ */,
				5C2F250A998F4F63A6B970B8 /* AudioToolbox.framework */,
				589B03B2EA5F45279893F075 /* AVFoundation.framework */,
				56C2ACE339FC4E88A006A30B /* WebKit.framework */,
				F1A70EE47A1F4473AE0EFA33 /* CFNetwork.framework */,
				FD1D2FF261E64AA69DA0FEA7 /* libz.dylib */,
			);
			name = Frameworks;
			sourceTree = "<group>";
		};
		301BF52E109A57CC0062928A /* Products */ = {
			isa = PBXGroup;
			children = (
				301BF535109A57CC0062928A /* libCordova.a */,
			);
			name = Products;
			sourceTree = "<group>";
		};
		3047A50E1AB8057F00498E2A /* config */ = {
			isa = PBXGroup;
			children = (
				3047A50F1AB8059700498E2A /* build-debug.xcconfig */,
				3047A5101AB8059700498E2A /* build-release.xcconfig */,
				3047A5111AB8059700498E2A /* build.xcconfig */,
			);
			name = config;
			sourceTree = "<group>";
		};
		307C750510C5A3420062BCA9 /* Plugins */ = {
			isa = PBXGroup;
			children = (
				8C23C8BB51244C479258F89A /* CDVLocation.m */,
				B6FEBB8FA2EE4F7892027C6F /* CDVLocation.h */,
				F0A87A71A43B4AC89F63D128 /* CDVBackgroundLocationServices.swift */,
				29206676FADA46DFA5F81C34 /* Loc-Bridging-Header.h */,
				61CDE2651EA7478AA00CBDDC /* CDVWKWebViewEngine.m */,
				6660612907EE4C3E9F7D8BB3 /* CDVWKWebViewUIDelegate.m */,
				1495694AE4B1459DAB80EE15 /* CDVWKWebViewEngine.h */,
				1467504C5D7A4777BF1976B3 /* CDVWKWebViewUIDelegate.h */,
				CD22DF5322B841BBA8792D1D /* WebAppLocalServer.swift */,
				89F336FA49BF4FC2B8DE0629 /* WebAppConfiguration.swift */,
				81046A0CC9624DA39B07776D /* AssetBundleManager.swift */,
				50D6B12D22BC4A98BC25C1CE /* AssetBundle.swift */,
				1D8D8E2C42284C178ECF51FF /* Asset.swift */,
				78760FF1A3AF4FAC8815BD7B /* AssetBundleDownloader.swift */,
				A121C635318E485BAA30AA60 /* AssetManifest.swift */,
				116CAC31F3EC4263A0E9C65E /* Errors.swift */,
				BCD76E732C2145FCA5B79117 /* Utility.swift */,
				2B4A15675281490EBB0C80CC /* METPlugin.m */,
				80EED7E21F594DCB968CE44B /* METTimer.m */,
				95481F3853A24D29A28175E4 /* METRetryStrategy.m */,
				3ABECC6FEB5F45B189913201 /* METNetworkReachabilityManager.m */,
				F66B15E555AC4DCAA7313812 /* METRandomValueGenerator.m */,
				F4D2BB4D904C4CD9895BDBA0 /* GCDWebServer.m */,
				D2FC289D906F4463947D85D2 /* GCDWebServerConnection.m */,
				F83B0ADBFDC34DBEAC97367C /* GCDWebServerFunctions.m */,
				B45BDCC8FE9E459C92D87AC4 /* GCDWebServerRequest.m */,
				F08D87CC8228491F838B223A /* GCDWebServerResponse.m */,
				89F152FFD2924D67A562BA2C /* GCDWebServerDataRequest.m */,
				2F30DD2C13B7464EB9D8EB6E /* GCDWebServerFileRequest.m */,
				2933CE8489D44D7FBC7E4D7A /* GCDWebServerMultiPartFormRequest.m */,
				663505FF8B834F8AB257EB4B /* GCDWebServerURLEncodedFormRequest.m */,
				37B214093A8A466AA3DC33D7 /* GCDWebServerDataResponse.m */,
				410B139AB2DE4865985ECEA2 /* GCDWebServerErrorResponse.m */,
				581E0E0E82354638BFC777C5 /* GCDWebServerFileResponse.m */,
				5C4FE3AB5C8E4A40B9F64D9B /* GCDWebServerStreamedResponse.m */,
				127E61889E0646078123E11C /* cordova-plugin-meteor-webapp-Bridging-Header.h */,
				00A5193190B2475295CD1EFA /* METPlugin.h */,
				1C1C75997F4F4538BAB46320 /* METTimer.h */,
				251B8582350E44A08D0B594D /* METRetryStrategy.h */,
				838D8C32F1BC44B5B6CA04DE /* METNetworkReachabilityManager.h */,
				F0728CAF65A04022823F62C5 /* METRandomValueGenerator.h */,
				6CCEB00736E142E5A30B5489 /* GCDWebServer.h */,
				2C20A40A6C194CA09F7E1967 /* GCDWebServerConnection.h */,
				D048BDC703B74D75AF0FC2DB /* GCDWebServerFunctions.h */,
				5EC12F4CFDDB4D3BA5D51BE8 /* GCDWebServerHTTPStatusCodes.h */,
				4FCB7E3D19384F0E990A5E8B /* GCDWebServerPrivate.h */,
				C17BD39C8C6C45D6ABFDF823 /* GCDWebServerRequest.h */,
				995D911689EA4F008F719976 /* GCDWebServerResponse.h */,
				353382EA3A234F7EA4C83337 /* GCDWebServerDataRequest.h */,
				75451A690085445CB3A415F8 /* GCDWebServerFileRequest.h */,
				79C1C5E417FE4A62928C0A67 /* GCDWebServerMultiPartFormRequest.h */,
				5B7810BBA3FE4CCDA4063560 /* GCDWebServerURLEncodedFormRequest.h */,
				4223C30A8A7D4385B555808D /* GCDWebServerDataResponse.h */,
				708B0029A48C4BEF8FF127C6 /* GCDWebServerErrorResponse.h */,
				68CBD5FAB5B641519C74B546 /* GCDWebServerFileResponse.h */,
				182F4861037F4E6EB557CC5B /* GCDWebServerStreamedResponse.h */,
				557E13B2CC6B4A21B17D27A7 /* CDVStatusBar.m */,
				726962EC9E21496B8EB855DD /* CDVStatusBar.h */,
				25B116C611904CFBAABF61E3 /* CDVSplashScreen.m */,
				E47D0E650CA24DD381D7E325 /* CDVViewController+SplashScreen.m */,
				927EA24DE489404CB1C39192 /* CDVSplashScreen.h */,
				BAB330B0251143B094DD7DD6 /* CDVViewController+SplashScreen.h */,
			);
			name = Plugins;
			path = trailWorx2/Plugins;
			sourceTree = SOURCE_ROOT;
		};
		EB87FDF11871DA420020F90C /* Staging */ = {
			isa = PBXGroup;
			children = (
				F840E1F0165FE0F500CFE078 /* config.xml */,
				301BF56E109A69640062928A /* www */,
			);
			name = Staging;
			sourceTree = "<group>";
		};
/* End PBXGroup section */

/* Begin PBXNativeTarget section */
		1D6058900D05DD3D006BFB54 /* trailWorx2 */ = {
			isa = PBXNativeTarget;
			buildConfigurationList = 1D6058960D05DD3E006BFB54 /* Build configuration list for PBXNativeTarget "trailWorx2" */;
			buildPhases = (
				304B58A110DAC018002A0835 /* Copy www directory */,
				1D60588D0D05DD3D006BFB54 /* Resources */,
				1D60588E0D05DD3D006BFB54 /* Sources */,
				1D60588F0D05DD3D006BFB54 /* Frameworks */,
			);
			buildRules = (
			);
			dependencies = (
				301BF551109A68C00062928A /* PBXTargetDependency */,
			);
			name = trailWorx2;
			productName = trailWorx2;
			productReference = 1D6058910D05DD3D006BFB54 /* trailWorx2.app */;
			productType = "com.apple.product-type.application";
		};
/* End PBXNativeTarget section */

/* Begin PBXProject section */
		29B97313FDCFA39411CA2CEA /* Project object */ = {
			isa = PBXProject;
			attributes = {
				LastSwiftUpdateCheck = 0720;
				LastUpgradeCheck = 510;
				TargetAttributes = {
					1D6058900D05DD3D006BFB54 = {
						DevelopmentTeam = QZT82XVU3J;
					};
				};
			};
			buildConfigurationList = C01FCF4E08A954540054247B /* Build configuration list for PBXProject "trailWorx2" */;
			compatibilityVersion = "Xcode 3.2";
			developmentRegion = English;
			hasScannedForEncodings = 1;
			knownRegions = (
				en,
			);
			mainGroup = 29B97314FDCFA39411CA2CEA /* CustomTemplate */;
			projectDirPath = "";
			projectReferences = (
				{
					ProductGroup = 301BF52E109A57CC0062928A /* Products */;
					ProjectRef = 301BF52D109A57CC0062928A /* CordovaLib.xcodeproj */;
				},
			);
			projectRoot = "";
			targets = (
				1D6058900D05DD3D006BFB54 /* trailWorx2 */,
			);
		};
/* End PBXProject section */

/* Begin PBXReferenceProxy section */
		301BF535109A57CC0062928A /* libCordova.a */ = {
			isa = PBXReferenceProxy;
			fileType = archive.ar;
			path = libCordova.a;
			remoteRef = 301BF534109A57CC0062928A /* PBXContainerItemProxy */;
			sourceTree = BUILT_PRODUCTS_DIR;
		};
/* End PBXReferenceProxy section */

/* Begin PBXResourcesBuildPhase section */
		1D60588D0D05DD3D006BFB54 /* Resources */ = {
			isa = PBXResourcesBuildPhase;
			buildActionMask = 2147483647;
			files = (
				302D95F214D2391D003F00A1 /* MainViewController.xib in Resources */,
				3047A5131AB8059700498E2A /* build-release.xcconfig in Resources */,
				3047A5141AB8059700498E2A /* build.xcconfig in Resources */,
				0207DA581B56EA530066E2B4 /* Images.xcassets in Resources */,
				3047A5121AB8059700498E2A /* build-debug.xcconfig in Resources */,
			);
			runOnlyForDeploymentPostprocessing = 0;
		};
/* End PBXResourcesBuildPhase section */

/* Begin PBXShellScriptBuildPhase section */
		304B58A110DAC018002A0835 /* Copy www directory */ = {
			isa = PBXShellScriptBuildPhase;
			buildActionMask = 2147483647;
			files = (
			);
			inputPaths = (
			);
			name = "Copy www directory";
			outputPaths = (
			);
			runOnlyForDeploymentPostprocessing = 0;
			shellPath = /bin/sh;
			shellScript = "NODEJS_PATH=/usr/local/bin; NVM_NODE_PATH=~/.nvm/versions/node/`nvm version 2>/dev/null`/bin; N_NODE_PATH=`find /usr/local/n/versions/node/* -maxdepth 0 -type d 2>/dev/null | tail -1`/bin; XCODE_NODE_PATH=`xcode-select --print-path`/usr/share/xcs/Node/bin; PATH=$NODEJS_PATH:$NVM_NODE_PATH:$N_NODE_PATH:$XCODE_NODE_PATH:$PATH && node cordova/lib/copy-www-build-step.js";
			showEnvVarsInLog = 0;
		};
/* End PBXShellScriptBuildPhase section */

/* Begin PBXSourcesBuildPhase section */
		1D60588E0D05DD3D006BFB54 /* Sources */ = {
			isa = PBXSourcesBuildPhase;
			buildActionMask = 2147483647;
			files = (
				1D60589B0D05DD56006BFB54 /* main.m in Sources */,
				1D3623260D0F684500981E51 /* AppDelegate.m in Sources */,
				302D95F114D2391D003F00A1 /* MainViewController.m in Sources */,
				CB533AA8EB634442AD332EAB /* CDVLocation.m in Sources */,
				B3D819F47839460CB4B4782C /* CDVBackgroundLocationServices.swift in Sources */,
				0F7542E5B0824734B99BE3AA /* CDVWKWebViewEngine.m in Sources */,
				0E81D953B24C455894930458 /* CDVWKWebViewUIDelegate.m in Sources */,
				ECEF22D9F1CD4D9388CAA595 /* WebAppLocalServer.swift in Sources */,
				8A911FCED3BD4480A7356FB4 /* WebAppConfiguration.swift in Sources */,
				417797D3FDC047B08799CD77 /* AssetBundleManager.swift in Sources */,
				54043B540E8741139CE1DF93 /* AssetBundle.swift in Sources */,
				1A5DAAA279E346ACAA1198D2 /* Asset.swift in Sources */,
				F8D0E8F42D2B47C3A7A2BD5A /* AssetBundleDownloader.swift in Sources */,
				24D65BBEA82540E7AAB7C19C /* AssetManifest.swift in Sources */,
				5666FE1ADAD446598100D186 /* Errors.swift in Sources */,
				68412363ED364F9CBA2808A1 /* Utility.swift in Sources */,
				BA82A3CBC3B04FEFADB199C9 /* METPlugin.m in Sources */,
				E418720CDBAD4347AEAF4C98 /* METTimer.m in Sources */,
				F7620A8DFC6E47B29E0F1F4F /* METRetryStrategy.m in Sources */,
				344C76AFBD5D4F279E625D8D /* METNetworkReachabilityManager.m in Sources */,
				CB1ED4D3FAA4467989D7393A /* METRandomValueGenerator.m in Sources */,
				37D167422D3A4321A252B648 /* GCDWebServer.m in Sources */,
				09E87E9B89D74505858B9BA7 /* GCDWebServerConnection.m in Sources */,
				26AA8BE7C1054DF8AA8C86AD /* GCDWebServerFunctions.m in Sources */,
				8799F918A613446B962ED100 /* GCDWebServerRequest.m in Sources */,
				B61AA9C35FC74E76A7772474 /* GCDWebServerResponse.m in Sources */,
				FBCDCF865B3D4E8BB9BE44BA /* GCDWebServerDataRequest.m in Sources */,
				C711924EE8FE4E529A7DA65F /* GCDWebServerFileRequest.m in Sources */,
				D98D4AC049D54B1EB5CCCB8A /* GCDWebServerMultiPartFormRequest.m in Sources */,
				8A5F0F350826409B8E58E946 /* GCDWebServerURLEncodedFormRequest.m in Sources */,
				8D037FFC24BF478C98EBF0E9 /* GCDWebServerDataResponse.m in Sources */,
				85B2F867D8D5404D8E243162 /* GCDWebServerErrorResponse.m in Sources */,
				CD9C6979993A478690BB2B85 /* GCDWebServerFileResponse.m in Sources */,
				0A0E9C60730744038BC44A5D /* GCDWebServerStreamedResponse.m in Sources */,
				391D005F730A49B3AAD1679E /* CDVStatusBar.m in Sources */,
				9B6B84CD32F64F46A7A35555 /* CDVSplashScreen.m in Sources */,
				CFD866AE5D8B45FC9B5FBB70 /* CDVViewController+SplashScreen.m in Sources */,
			);
			runOnlyForDeploymentPostprocessing = 0;
		};
/* End PBXSourcesBuildPhase section */

/* Begin PBXTargetDependency section */
		301BF551109A68C00062928A /* PBXTargetDependency */ = {
			isa = PBXTargetDependency;
			name = CordovaLib;
			targetProxy = 301BF550109A68C00062928A /* PBXContainerItemProxy */;
		};
/* End PBXTargetDependency section */

/* Begin XCBuildConfiguration section */
		1D6058940D05DD3E006BFB54 /* Debug */ = {
			isa = XCBuildConfiguration;
			baseConfigurationReference = 3047A50F1AB8059700498E2A /* build-debug.xcconfig */;
			buildSettings = {
				ALWAYS_SEARCH_USER_PATHS = NO;
				ASSETCATALOG_COMPILER_APPICON_NAME = AppIcon;
				ASSETCATALOG_COMPILER_LAUNCHIMAGE_NAME = LaunchImage;
				CLANG_ENABLE_MODULES = YES;
				CLANG_ENABLE_OBJC_ARC = YES;
				CODE_SIGN_IDENTITY = "iPhone Developer";
				"CODE_SIGN_IDENTITY[sdk=iphoneos*]" = "iPhone Developer";
				COPY_PHASE_STRIP = NO;
				GCC_DYNAMIC_NO_PIC = NO;
				GCC_OPTIMIZATION_LEVEL = 0;
				GCC_PRECOMPILE_PREFIX_HEADER = YES;
				GCC_PREFIX_HEADER = "trailWorx2/trailWorx2-Prefix.pch";
				GCC_THUMB_SUPPORT = NO;
				GCC_VERSION = "";
				INFOPLIST_FILE = "trailWorx2/trailWorx2-Info.plist";
				LD_RUNPATH_SEARCH_PATHS = "@executable_path/Frameworks";
				PRODUCT_NAME = trailWorx2;
				PROVISIONING_PROFILE = "";
			};
			name = Debug;
		};
		1D6058950D05DD3E006BFB54 /* Release */ = {
			isa = XCBuildConfiguration;
			baseConfigurationReference = 3047A5101AB8059700498E2A /* build-release.xcconfig */;
			buildSettings = {
				ALWAYS_SEARCH_USER_PATHS = NO;
				ASSETCATALOG_COMPILER_APPICON_NAME = AppIcon;
				ASSETCATALOG_COMPILER_LAUNCHIMAGE_NAME = LaunchImage;
				CLANG_ENABLE_MODULES = YES;
				CLANG_ENABLE_OBJC_ARC = YES;
				CODE_SIGN_IDENTITY = "iPhone Developer";
				"CODE_SIGN_IDENTITY[sdk=iphoneos*]" = "iPhone Developer";
				COPY_PHASE_STRIP = YES;
				GCC_PRECOMPILE_PREFIX_HEADER = YES;
				GCC_PREFIX_HEADER = "trailWorx2/trailWorx2-Prefix.pch";
				GCC_THUMB_SUPPORT = NO;
				GCC_VERSION = "";
				INFOPLIST_FILE = "trailWorx2/trailWorx2-Info.plist";
				PRODUCT_NAME = trailWorx2;
				PROVISIONING_PROFILE = "";
			};
			name = Release;
		};
		C01FCF4F08A954540054247B /* Debug */ = {
			isa = XCBuildConfiguration;
			baseConfigurationReference = 3047A5111AB8059700498E2A /* build.xcconfig */;
			buildSettings = {
				CLANG_ENABLE_MODULES = YES;
				CLANG_ENABLE_OBJC_ARC = YES;
				CLANG_WARN_BOOL_CONVERSION = YES;
				CLANG_WARN_CONSTANT_CONVERSION = YES;
				CLANG_WARN_EMPTY_BODY = YES;
				CLANG_WARN_ENUM_CONVERSION = YES;
				CLANG_WARN_INT_CONVERSION = YES;
				CLANG_WARN__DUPLICATE_METHOD_MATCH = YES;
				GCC_C_LANGUAGE_STANDARD = c99;
				GCC_THUMB_SUPPORT = NO;
				GCC_VERSION = "";
				GCC_WARN_ABOUT_RETURN_TYPE = YES;
				GCC_WARN_UNDECLARED_SELECTOR = YES;
				GCC_WARN_UNINITIALIZED_AUTOS = YES;
				GCC_WARN_UNUSED_FUNCTION = YES;
				GCC_WARN_UNUSED_VARIABLE = YES;
				ONLY_ACTIVE_ARCH = YES;
				PRODUCT_NAME = trailWorx2;
				SDKROOT = iphoneos;
				SKIP_INSTALL = NO;
			};
			name = Debug;
		};
		C01FCF5008A954540054247B /* Release */ = {
			isa = XCBuildConfiguration;
			baseConfigurationReference = 3047A5111AB8059700498E2A /* build.xcconfig */;
			buildSettings = {
				CLANG_ENABLE_MODULES = YES;
				CLANG_ENABLE_OBJC_ARC = YES;
				CLANG_WARN_BOOL_CONVERSION = YES;
				CLANG_WARN_CONSTANT_CONVERSION = YES;
				CLANG_WARN_EMPTY_BODY = YES;
				CLANG_WARN_ENUM_CONVERSION = YES;
				CLANG_WARN_INT_CONVERSION = YES;
				CLANG_WARN__DUPLICATE_METHOD_MATCH = YES;
				GCC_C_LANGUAGE_STANDARD = c99;
				GCC_THUMB_SUPPORT = NO;
				GCC_VERSION = "";
				GCC_WARN_ABOUT_RETURN_TYPE = YES;
				GCC_WARN_UNDECLARED_SELECTOR = YES;
				GCC_WARN_UNINITIALIZED_AUTOS = YES;
				GCC_WARN_UNUSED_FUNCTION = YES;
				GCC_WARN_UNUSED_VARIABLE = YES;
				PRODUCT_NAME = trailWorx2;
				SDKROOT = iphoneos;
				SKIP_INSTALL = NO;
			};
			name = Release;
		};
/* End XCBuildConfiguration section */

/* Begin XCConfigurationList section */
		1D6058960D05DD3E006BFB54 /* Build configuration list for PBXNativeTarget "trailWorx2" */ = {
			isa = XCConfigurationList;
			buildConfigurations = (
				1D6058940D05DD3E006BFB54 /* Debug */,
				1D6058950D05DD3E006BFB54 /* Release */,
			);
			defaultConfigurationIsVisible = 0;
			defaultConfigurationName = Release;
		};
		C01FCF4E08A954540054247B /* Build configuration list for PBXProject "trailWorx2" */ = {
			isa = XCConfigurationList;
			buildConfigurations = (
				C01FCF4F08A954540054247B /* Debug */,
				C01FCF5008A954540054247B /* Release */,
			);
			defaultConfigurationIsVisible = 0;
			defaultConfigurationName = Release;
		};
/* End XCConfigurationList section */
	};
	rootObject = 29B97313FDCFA39411CA2CEA /* Project object */;
}
